// !$*UTF8*$!
{
	archiveVersion = 1;
	classes = {
	};
	objectVersion = 46;
	objects = {

/* Begin PBXBuildFile section */
		1B8223151E4240A90033C76D /* StatusListTableViewCell.swift in Sources */ = {isa = PBXBuildFile; fileRef = 1B8223141E4240A90033C76D /* StatusListTableViewCell.swift */; };
		1B8223171E42438A0033C76D /* MyTravelNoMessagesTableViewCell.swift in Sources */ = {isa = PBXBuildFile; fileRef = 1B8223161E42438A0033C76D /* MyTravelNoMessagesTableViewCell.swift */; };
		1B82231B1E4245EA0033C76D /* MyTravelLegendViewController.swift in Sources */ = {isa = PBXBuildFile; fileRef = 1B82231A1E4245EA0033C76D /* MyTravelLegendViewController.swift */; };
		1B82231D1E42461F0033C76D /* MyTravelChooseTrainRideViewController.swift in Sources */ = {isa = PBXBuildFile; fileRef = 1B82231C1E42461F0033C76D /* MyTravelChooseTrainRideViewController.swift */; };
		1B8223201E4249020033C76D /* MyTravelChooseTrainRideTableViewCell.swift in Sources */ = {isa = PBXBuildFile; fileRef = 1B82231F1E4249020033C76D /* MyTravelChooseTrainRideTableViewCell.swift */; };
		1B8223221E424E250033C76D /* RoutePlanerOverviewViewController.swift in Sources */ = {isa = PBXBuildFile; fileRef = 1B8223211E424E250033C76D /* RoutePlanerOverviewViewController.swift */; };
		1B8223241E4251A00033C76D /* RoutePlanerAlternativesViewController.swift in Sources */ = {isa = PBXBuildFile; fileRef = 1B8223231E4251A00033C76D /* RoutePlanerAlternativesViewController.swift */; };
		1B8223261E4251BB0033C76D /* RoutePlanerAlternativeDetailsViewController.swift in Sources */ = {isa = PBXBuildFile; fileRef = 1B8223251E4251BB0033C76D /* RoutePlanerAlternativeDetailsViewController.swift */; };
		1B8223281E42546F0033C76D /* RoutePlanerAlternativeTableViewCell.swift in Sources */ = {isa = PBXBuildFile; fileRef = 1B8223271E42546F0033C76D /* RoutePlanerAlternativeTableViewCell.swift */; };
		1B82232B1E4259F90033C76D /* RoutePlanerAlternativeDetailsTableViewCell.swift in Sources */ = {isa = PBXBuildFile; fileRef = 1B82232A1E4259F90033C76D /* RoutePlanerAlternativeDetailsTableViewCell.swift */; };
		1B82232D1E425E1D0033C76D /* FavoritesViewController.swift in Sources */ = {isa = PBXBuildFile; fileRef = 1B82232C1E425E1D0033C76D /* FavoritesViewController.swift */; };
		1B82232F1E425E2C0033C76D /* AddFavoriteViewController.swift in Sources */ = {isa = PBXBuildFile; fileRef = 1B82232E1E425E2C0033C76D /* AddFavoriteViewController.swift */; };
		1B829B401E1EACCF0023D656 /* Inspectable.swift in Sources */ = {isa = PBXBuildFile; fileRef = 1B829B3F1E1EACCF0023D656 /* Inspectable.swift */; };
		1B829B421E1EB2B10023D656 /* MyTravelStatusListViewController.swift in Sources */ = {isa = PBXBuildFile; fileRef = 1B829B411E1EB2B10023D656 /* MyTravelStatusListViewController.swift */; };
		1B829B441E1EB2C50023D656 /* MyTravelStatusDetailsViewController.swift in Sources */ = {isa = PBXBuildFile; fileRef = 1B829B431E1EB2C50023D656 /* MyTravelStatusDetailsViewController.swift */; };
		1B829B461E1EB3360023D656 /* MyTravelStatusTableViewCell.swift in Sources */ = {isa = PBXBuildFile; fileRef = 1B829B451E1EB3360023D656 /* MyTravelStatusTableViewCell.swift */; };
		1B829B481E1EB4B60023D656 /* Constants.swift in Sources */ = {isa = PBXBuildFile; fileRef = 1B829B471E1EB4B60023D656 /* Constants.swift */; };
		3F078D4E1E07056400FDE0C9 /* AppDelegate.swift in Sources */ = {isa = PBXBuildFile; fileRef = 3F078D4D1E07056400FDE0C9 /* AppDelegate.swift */; };
		3F078D501E07056400FDE0C9 /* ViewController.swift in Sources */ = {isa = PBXBuildFile; fileRef = 3F078D4F1E07056400FDE0C9 /* ViewController.swift */; };
		3F078D531E07056400FDE0C9 /* Main.storyboard in Resources */ = {isa = PBXBuildFile; fileRef = 3F078D511E07056400FDE0C9 /* Main.storyboard */; };
		3F078D551E07056400FDE0C9 /* Assets.xcassets in Resources */ = {isa = PBXBuildFile; fileRef = 3F078D541E07056400FDE0C9 /* Assets.xcassets */; };
		3F078D581E07056400FDE0C9 /* LaunchScreen.storyboard in Resources */ = {isa = PBXBuildFile; fileRef = 3F078D561E07056400FDE0C9 /* LaunchScreen.storyboard */; };
		3F89B5451E070AD000108FD8 /* IBInspectable.swift in Sources */ = {isa = PBXBuildFile; fileRef = 3F89B5441E070AD000108FD8 /* IBInspectable.swift */; };
		3F8F0E6A1E0711CE005CE5C4 /* DB Sans Comp Bold.otf in Resources */ = {isa = PBXBuildFile; fileRef = 3F8F0E671E07118E005CE5C4 /* DB Sans Comp Bold.otf */; };
		3F8F0E6B1E0711D1005CE5C4 /* DB Sans Comp Altern Regular Italic.otf in Resources */ = {isa = PBXBuildFile; fileRef = 3F8F0E681E071197005CE5C4 /* DB Sans Comp Altern Regular Italic.otf */; };
		3F8F0E6C1E0711D3005CE5C4 /* DB Sans Comp Regular.otf in Resources */ = {isa = PBXBuildFile; fileRef = 3F8F0E691E0711A3005CE5C4 /* DB Sans Comp Regular.otf */; };
		FF05E762CBACF16EA4595288 /* Pods_DB_Travel_Assistance.framework in Frameworks */ = {isa = PBXBuildFile; fileRef = 9B4F4982863A6A994B529200 /* Pods_DB_Travel_Assistance.framework */; };
/* End PBXBuildFile section */

/* Begin PBXFileReference section */
		1B8223141E4240A90033C76D /* StatusListTableViewCell.swift */ = {isa = PBXFileReference; fileEncoding = 4; lastKnownFileType = sourcecode.swift; path = StatusListTableViewCell.swift; sourceTree = "<group>"; };
		1B8223161E42438A0033C76D /* MyTravelNoMessagesTableViewCell.swift */ = {isa = PBXFileReference; fileEncoding = 4; lastKnownFileType = sourcecode.swift; name = MyTravelNoMessagesTableViewCell.swift; path = "DB Travel Assistance/MyTravelNoMessagesTableViewCell.swift"; sourceTree = SOURCE_ROOT; };
		1B82231A1E4245EA0033C76D /* MyTravelLegendViewController.swift */ = {isa = PBXFileReference; fileEncoding = 4; lastKnownFileType = sourcecode.swift; name = MyTravelLegendViewController.swift; path = "DB Travel Assistance/MyTravelLegendViewController.swift"; sourceTree = SOURCE_ROOT; };
		1B82231C1E42461F0033C76D /* MyTravelChooseTrainRideViewController.swift */ = {isa = PBXFileReference; fileEncoding = 4; lastKnownFileType = sourcecode.swift; name = MyTravelChooseTrainRideViewController.swift; path = "DB Travel Assistance/MyTravelChooseTrainRideViewController.swift"; sourceTree = SOURCE_ROOT; };
		1B82231F1E4249020033C76D /* MyTravelChooseTrainRideTableViewCell.swift */ = {isa = PBXFileReference; fileEncoding = 4; lastKnownFileType = sourcecode.swift; path = MyTravelChooseTrainRideTableViewCell.swift; sourceTree = SOURCE_ROOT; };
		1B8223211E424E250033C76D /* RoutePlanerOverviewViewController.swift */ = {isa = PBXFileReference; fileEncoding = 4; lastKnownFileType = sourcecode.swift; path = RoutePlanerOverviewViewController.swift; sourceTree = SOURCE_ROOT; };
		1B8223231E4251A00033C76D /* RoutePlanerAlternativesViewController.swift */ = {isa = PBXFileReference; fileEncoding = 4; lastKnownFileType = sourcecode.swift; path = RoutePlanerAlternativesViewController.swift; sourceTree = SOURCE_ROOT; };
		1B8223251E4251BB0033C76D /* RoutePlanerAlternativeDetailsViewController.swift */ = {isa = PBXFileReference; fileEncoding = 4; lastKnownFileType = sourcecode.swift; path = RoutePlanerAlternativeDetailsViewController.swift; sourceTree = SOURCE_ROOT; };
		1B8223271E42546F0033C76D /* RoutePlanerAlternativeTableViewCell.swift */ = {isa = PBXFileReference; fileEncoding = 4; lastKnownFileType = sourcecode.swift; path = RoutePlanerAlternativeTableViewCell.swift; sourceTree = SOURCE_ROOT; };
		1B82232A1E4259F90033C76D /* RoutePlanerAlternativeDetailsTableViewCell.swift */ = {isa = PBXFileReference; fileEncoding = 4; lastKnownFileType = sourcecode.swift; path = RoutePlanerAlternativeDetailsTableViewCell.swift; sourceTree = SOURCE_ROOT; };
		1B82232C1E425E1D0033C76D /* FavoritesViewController.swift */ = {isa = PBXFileReference; fileEncoding = 4; lastKnownFileType = sourcecode.swift; path = FavoritesViewController.swift; sourceTree = SOURCE_ROOT; };
		1B82232E1E425E2C0033C76D /* AddFavoriteViewController.swift */ = {isa = PBXFileReference; fileEncoding = 4; lastKnownFileType = sourcecode.swift; path = AddFavoriteViewController.swift; sourceTree = SOURCE_ROOT; };
		1B829B3F1E1EACCF0023D656 /* Inspectable.swift */ = {isa = PBXFileReference; fileEncoding = 4; lastKnownFileType = sourcecode.swift; path = Inspectable.swift; sourceTree = "<group>"; };
		1B829B411E1EB2B10023D656 /* MyTravelStatusListViewController.swift */ = {isa = PBXFileReference; fileEncoding = 4; lastKnownFileType = sourcecode.swift; name = MyTravelStatusListViewController.swift; path = "DB Travel Assistance/MyTravelStatusListViewController.swift"; sourceTree = SOURCE_ROOT; };
		1B829B431E1EB2C50023D656 /* MyTravelStatusDetailsViewController.swift */ = {isa = PBXFileReference; fileEncoding = 4; lastKnownFileType = sourcecode.swift; name = MyTravelStatusDetailsViewController.swift; path = "DB Travel Assistance/MyTravelStatusDetailsViewController.swift"; sourceTree = SOURCE_ROOT; };
		1B829B451E1EB3360023D656 /* MyTravelStatusTableViewCell.swift */ = {isa = PBXFileReference; fileEncoding = 4; lastKnownFileType = sourcecode.swift; name = MyTravelStatusTableViewCell.swift; path = "DB Travel Assistance/MyTravelStatusTableViewCell.swift"; sourceTree = SOURCE_ROOT; };
		1B829B471E1EB4B60023D656 /* Constants.swift */ = {isa = PBXFileReference; fileEncoding = 4; lastKnownFileType = sourcecode.swift; path = Constants.swift; sourceTree = "<group>"; };
		3F078D4A1E07056400FDE0C9 /* DB Travel Assistance.app */ = {isa = PBXFileReference; explicitFileType = wrapper.application; includeInIndex = 0; path = "DB Travel Assistance.app"; sourceTree = BUILT_PRODUCTS_DIR; };
		3F078D4D1E07056400FDE0C9 /* AppDelegate.swift */ = {isa = PBXFileReference; lastKnownFileType = sourcecode.swift; path = AppDelegate.swift; sourceTree = "<group>"; };
		3F078D4F1E07056400FDE0C9 /* ViewController.swift */ = {isa = PBXFileReference; lastKnownFileType = sourcecode.swift; path = ViewController.swift; sourceTree = "<group>"; };
		3F078D521E07056400FDE0C9 /* Base */ = {isa = PBXFileReference; lastKnownFileType = file.storyboard; name = Base; path = Base.lproj/Main.storyboard; sourceTree = "<group>"; };
		3F078D541E07056400FDE0C9 /* Assets.xcassets */ = {isa = PBXFileReference; lastKnownFileType = folder.assetcatalog; path = Assets.xcassets; sourceTree = "<group>"; };
		3F078D571E07056400FDE0C9 /* Base */ = {isa = PBXFileReference; lastKnownFileType = file.storyboard; name = Base; path = Base.lproj/LaunchScreen.storyboard; sourceTree = "<group>"; };
		3F078D591E07056400FDE0C9 /* Info.plist */ = {isa = PBXFileReference; lastKnownFileType = text.plist.xml; path = Info.plist; sourceTree = "<group>"; };
		3F89B5441E070AD000108FD8 /* IBInspectable.swift */ = {isa = PBXFileReference; fileEncoding = 4; lastKnownFileType = sourcecode.swift; path = IBInspectable.swift; sourceTree = "<group>"; };
		3F8F0E671E07118E005CE5C4 /* DB Sans Comp Bold.otf */ = {isa = PBXFileReference; lastKnownFileType = file; path = "DB Sans Comp Bold.otf"; sourceTree = "<group>"; };
		3F8F0E681E071197005CE5C4 /* DB Sans Comp Altern Regular Italic.otf */ = {isa = PBXFileReference; lastKnownFileType = file; path = "DB Sans Comp Altern Regular Italic.otf"; sourceTree = "<group>"; };
		3F8F0E691E0711A3005CE5C4 /* DB Sans Comp Regular.otf */ = {isa = PBXFileReference; lastKnownFileType = file; path = "DB Sans Comp Regular.otf"; sourceTree = "<group>"; };
		55E257108DCBFAC46E8E0D03 /* Pods-DB Travel Assistance.release.xcconfig */ = {isa = PBXFileReference; includeInIndex = 1; lastKnownFileType = text.xcconfig; name = "Pods-DB Travel Assistance.release.xcconfig"; path = "Pods/Target Support Files/Pods-DB Travel Assistance/Pods-DB Travel Assistance.release.xcconfig"; sourceTree = "<group>"; };
		7B3B4C4C273B0C63AC03EC8A /* Pods-DB Travel Assistance.debug.xcconfig */ = {isa = PBXFileReference; includeInIndex = 1; lastKnownFileType = text.xcconfig; name = "Pods-DB Travel Assistance.debug.xcconfig"; path = "Pods/Target Support Files/Pods-DB Travel Assistance/Pods-DB Travel Assistance.debug.xcconfig"; sourceTree = "<group>"; };
		9B4F4982863A6A994B529200 /* Pods_DB_Travel_Assistance.framework */ = {isa = PBXFileReference; explicitFileType = wrapper.framework; includeInIndex = 0; path = Pods_DB_Travel_Assistance.framework; sourceTree = BUILT_PRODUCTS_DIR; };
/* End PBXFileReference section */

/* Begin PBXFrameworksBuildPhase section */
		3F078D471E07056400FDE0C9 /* Frameworks */ = {
			isa = PBXFrameworksBuildPhase;
			buildActionMask = 2147483647;
			files = (
				FF05E762CBACF16EA4595288 /* Pods_DB_Travel_Assistance.framework in Frameworks */,
			);
			runOnlyForDeploymentPostprocessing = 0;
		};
/* End PBXFrameworksBuildPhase section */

/* Begin PBXGroup section */
		1A39F7F6C9199CE88FD75BAB /* Pods */ = {
			isa = PBXGroup;
			children = (
				7B3B4C4C273B0C63AC03EC8A /* Pods-DB Travel Assistance.debug.xcconfig */,
				55E257108DCBFAC46E8E0D03 /* Pods-DB Travel Assistance.release.xcconfig */,
			);
			name = Pods;
			sourceTree = "<group>";
		};
		1B8223131E4240870033C76D /* Cells */ = {
			isa = PBXGroup;
			children = (
				1B8223141E4240A90033C76D /* StatusListTableViewCell.swift */,
			);
			name = Cells;
			sourceTree = "<group>";
		};
		1B82231E1E4248D90033C76D /* Cells */ = {
			isa = PBXGroup;
			children = (
				1B8223161E42438A0033C76D /* MyTravelNoMessagesTableViewCell.swift */,
				1B829B451E1EB3360023D656 /* MyTravelStatusTableViewCell.swift */,
				1B82231F1E4249020033C76D /* MyTravelChooseTrainRideTableViewCell.swift */,
			);
			name = Cells;
			sourceTree = "<group>";
		};
		1B8223291E42547B0033C76D /* Cells */ = {
			isa = PBXGroup;
			children = (
				1B8223271E42546F0033C76D /* RoutePlanerAlternativeTableViewCell.swift */,
				1B82232A1E4259F90033C76D /* RoutePlanerAlternativeDetailsTableViewCell.swift */,
			);
			name = Cells;
			sourceTree = "<group>";
		};
		2DB7B7D22402CA34EE4CD754 /* Frameworks */ = {
			isa = PBXGroup;
			children = (
				9B4F4982863A6A994B529200 /* Pods_DB_Travel_Assistance.framework */,
			);
			name = Frameworks;
			sourceTree = "<group>";
		};
		3F078D411E07056400FDE0C9 = {
			isa = PBXGroup;
			children = (
				3F078D4C1E07056400FDE0C9 /* DB Travel Assistance */,
				3F078D4B1E07056400FDE0C9 /* Products */,
				1A39F7F6C9199CE88FD75BAB /* Pods */,
				2DB7B7D22402CA34EE4CD754 /* Frameworks */,
			);
			sourceTree = "<group>";
		};
		3F078D4B1E07056400FDE0C9 /* Products */ = {
			isa = PBXGroup;
			children = (
				3F078D4A1E07056400FDE0C9 /* DB Travel Assistance.app */,
			);
			name = Products;
			sourceTree = "<group>";
		};
		3F078D4C1E07056400FDE0C9 /* DB Travel Assistance */ = {
			isa = PBXGroup;
			children = (
				1B8223131E4240870033C76D /* Cells */,
				3F89B5431E070ABE00108FD8 /* Helpers */,
				3F078D4D1E07056400FDE0C9 /* AppDelegate.swift */,
				3F89B53E1E070A6400108FD8 /* MyTravel */,
				3F89B5411E070A7D00108FD8 /* RoutePlaner */,
				3F89B5401E070A7800108FD8 /* Favorites */,
				3F89B53F1E070A7200108FD8 /* Settings */,
				3F078D4F1E07056400FDE0C9 /* ViewController.swift */,
				3F078D511E07056400FDE0C9 /* Main.storyboard */,
				3F078D541E07056400FDE0C9 /* Assets.xcassets */,
				3F078D561E07056400FDE0C9 /* LaunchScreen.storyboard */,
				3F078D591E07056400FDE0C9 /* Info.plist */,
				3F8F0E651E071124005CE5C4 /* Ressources */,
				1B829B3F1E1EACCF0023D656 /* Inspectable.swift */,
				1B829B471E1EB4B60023D656 /* Constants.swift */,
			);
			path = "DB Travel Assistance";
			sourceTree = "<group>";
		};
		3F89B53E1E070A6400108FD8 /* MyTravel */ = {
			isa = PBXGroup;
			children = (
				1B82231E1E4248D90033C76D /* Cells */,
				1B829B411E1EB2B10023D656 /* MyTravelStatusListViewController.swift */,
				1B829B431E1EB2C50023D656 /* MyTravelStatusDetailsViewController.swift */,
				1B82231A1E4245EA0033C76D /* MyTravelLegendViewController.swift */,
				1B82231C1E42461F0033C76D /* MyTravelChooseTrainRideViewController.swift */,
			);
			path = MyTravel;
			sourceTree = "<group>";
		};
		3F89B53F1E070A7200108FD8 /* Settings */ = {
			isa = PBXGroup;
			children = (
			);
			path = Settings;
			sourceTree = "<group>";
		};
		3F89B5401E070A7800108FD8 /* Favorites */ = {
			isa = PBXGroup;
			children = (
				1B82232C1E425E1D0033C76D /* FavoritesViewController.swift */,
				1B82232E1E425E2C0033C76D /* AddFavoriteViewController.swift */,
			);
			path = Favorites;
			sourceTree = "<group>";
		};
		3F89B5411E070A7D00108FD8 /* RoutePlaner */ = {
			isa = PBXGroup;
			children = (
				1B8223291E42547B0033C76D /* Cells */,
				1B8223211E424E250033C76D /* RoutePlanerOverviewViewController.swift */,
				1B8223231E4251A00033C76D /* RoutePlanerAlternativesViewController.swift */,
				1B8223251E4251BB0033C76D /* RoutePlanerAlternativeDetailsViewController.swift */,
			);
			path = RoutePlaner;
			sourceTree = "<group>";
		};
		3F89B5431E070ABE00108FD8 /* Helpers */ = {
			isa = PBXGroup;
			children = (
				3F89B5441E070AD000108FD8 /* IBInspectable.swift */,
			);
			name = Helpers;
			path = Helper;
			sourceTree = "<group>";
		};
		3F8F0E651E071124005CE5C4 /* Ressources */ = {
			isa = PBXGroup;
			children = (
				3F8F0E661E071157005CE5C4 /* CustomFonts */,
			);
			path = Ressources;
			sourceTree = "<group>";
		};
		3F8F0E661E071157005CE5C4 /* CustomFonts */ = {
			isa = PBXGroup;
			children = (
				3F8F0E671E07118E005CE5C4 /* DB Sans Comp Bold.otf */,
				3F8F0E681E071197005CE5C4 /* DB Sans Comp Altern Regular Italic.otf */,
				3F8F0E691E0711A3005CE5C4 /* DB Sans Comp Regular.otf */,
			);
			path = CustomFonts;
			sourceTree = "<group>";
		};
/* End PBXGroup section */

/* Begin PBXNativeTarget section */
		3F078D491E07056400FDE0C9 /* DB Travel Assistance */ = {
			isa = PBXNativeTarget;
			buildConfigurationList = 3F078D5C1E07056400FDE0C9 /* Build configuration list for PBXNativeTarget "DB Travel Assistance" */;
			buildPhases = (
				707016F2E33F14020E822680 /* [CP] Check Pods Manifest.lock */,
				3F078D461E07056400FDE0C9 /* Sources */,
				3F078D471E07056400FDE0C9 /* Frameworks */,
				3F078D481E07056400FDE0C9 /* Resources */,
				BB74E43C798C3585DD7849DD /* [CP] Embed Pods Frameworks */,
				C647B54F373607E70EA84103 /* [CP] Copy Pods Resources */,
			);
			buildRules = (
			);
			dependencies = (
			);
			name = "DB Travel Assistance";
			productName = "DB Travel Assistance";
			productReference = 3F078D4A1E07056400FDE0C9 /* DB Travel Assistance.app */;
			productType = "com.apple.product-type.application";
		};
/* End PBXNativeTarget section */

/* Begin PBXProject section */
		3F078D421E07056400FDE0C9 /* Project object */ = {
			isa = PBXProject;
			attributes = {
				LastSwiftUpdateCheck = 0810;
				LastUpgradeCheck = 0810;
				ORGANIZATIONNAME = Mkayswork;
				TargetAttributes = {
					3F078D491E07056400FDE0C9 = {
						CreatedOnToolsVersion = 8.1;
						DevelopmentTeam = 3994Y2UB76;
						ProvisioningStyle = Automatic;
					};
				};
			};
			buildConfigurationList = 3F078D451E07056400FDE0C9 /* Build configuration list for PBXProject "DB Travel Assistance" */;
			compatibilityVersion = "Xcode 3.2";
			developmentRegion = English;
			hasScannedForEncodings = 0;
			knownRegions = (
				en,
				Base,
			);
			mainGroup = 3F078D411E07056400FDE0C9;
			productRefGroup = 3F078D4B1E07056400FDE0C9 /* Products */;
			projectDirPath = "";
			projectRoot = "";
			targets = (
				3F078D491E07056400FDE0C9 /* DB Travel Assistance */,
			);
		};
/* End PBXProject section */

/* Begin PBXResourcesBuildPhase section */
		3F078D481E07056400FDE0C9 /* Resources */ = {
			isa = PBXResourcesBuildPhase;
			buildActionMask = 2147483647;
			files = (
				3F078D581E07056400FDE0C9 /* LaunchScreen.storyboard in Resources */,
				3F8F0E6C1E0711D3005CE5C4 /* DB Sans Comp Regular.otf in Resources */,
				3F078D551E07056400FDE0C9 /* Assets.xcassets in Resources */,
				3F078D531E07056400FDE0C9 /* Main.storyboard in Resources */,
				3F8F0E6B1E0711D1005CE5C4 /* DB Sans Comp Altern Regular Italic.otf in Resources */,
				3F8F0E6A1E0711CE005CE5C4 /* DB Sans Comp Bold.otf in Resources */,
			);
			runOnlyForDeploymentPostprocessing = 0;
		};
/* End PBXResourcesBuildPhase section */

/* Begin PBXShellScriptBuildPhase section */
		707016F2E33F14020E822680 /* [CP] Check Pods Manifest.lock */ = {
			isa = PBXShellScriptBuildPhase;
			buildActionMask = 2147483647;
			files = (
			);
			inputPaths = (
			);
			name = "[CP] Check Pods Manifest.lock";
			outputPaths = (
			);
			runOnlyForDeploymentPostprocessing = 0;
			shellPath = /bin/sh;
			shellScript = "diff \"${PODS_ROOT}/../Podfile.lock\" \"${PODS_ROOT}/Manifest.lock\" > /dev/null\nif [ $? != 0 ] ; then\n    # print error to STDERR\n    echo \"error: The sandbox is not in sync with the Podfile.lock. Run 'pod install' or update your CocoaPods installation.\" >&2\n    exit 1\nfi\n";
			showEnvVarsInLog = 0;
		};
		BB74E43C798C3585DD7849DD /* [CP] Embed Pods Frameworks */ = {
			isa = PBXShellScriptBuildPhase;
			buildActionMask = 2147483647;
			files = (
			);
			inputPaths = (
			);
			name = "[CP] Embed Pods Frameworks";
			outputPaths = (
			);
			runOnlyForDeploymentPostprocessing = 0;
			shellPath = /bin/sh;
			shellScript = "\"${SRCROOT}/Pods/Target Support Files/Pods-DB Travel Assistance/Pods-DB Travel Assistance-frameworks.sh\"\n";
			showEnvVarsInLog = 0;
		};
		C647B54F373607E70EA84103 /* [CP] Copy Pods Resources */ = {
			isa = PBXShellScriptBuildPhase;
			buildActionMask = 2147483647;
			files = (
			);
			inputPaths = (
			);
			name = "[CP] Copy Pods Resources";
			outputPaths = (
			);
			runOnlyForDeploymentPostprocessing = 0;
			shellPath = /bin/sh;
			shellScript = "\"${SRCROOT}/Pods/Target Support Files/Pods-DB Travel Assistance/Pods-DB Travel Assistance-resources.sh\"\n";
			showEnvVarsInLog = 0;
		};
/* End PBXShellScriptBuildPhase section */

/* Begin PBXSourcesBuildPhase section */
		3F078D461E07056400FDE0C9 /* Sources */ = {
			isa = PBXSourcesBuildPhase;
			buildActionMask = 2147483647;
			files = (
				3F078D501E07056400FDE0C9 /* ViewController.swift in Sources */,
				1B8223261E4251BB0033C76D /* RoutePlanerAlternativeDetailsViewController.swift in Sources */,
				3F89B5451E070AD000108FD8 /* IBInspectable.swift in Sources */,
				1B829B401E1EACCF0023D656 /* Inspectable.swift in Sources */,
				1B82232B1E4259F90033C76D /* RoutePlanerAlternativeDetailsTableViewCell.swift in Sources */,
				1B829B461E1EB3360023D656 /* MyTravelStatusTableViewCell.swift in Sources */,
				1B82231D1E42461F0033C76D /* MyTravelChooseTrainRideViewController.swift in Sources */,
				1B829B421E1EB2B10023D656 /* MyTravelStatusListViewController.swift in Sources */,
				3F078D4E1E07056400FDE0C9 /* AppDelegate.swift in Sources */,
				1B8223241E4251A00033C76D /* RoutePlanerAlternativesViewController.swift in Sources */,
				1B82232D1E425E1D0033C76D /* FavoritesViewController.swift in Sources */,
				1B829B441E1EB2C50023D656 /* MyTravelStatusDetailsViewController.swift in Sources */,
				1B82231B1E4245EA0033C76D /* MyTravelLegendViewController.swift in Sources */,
				1B8223221E424E250033C76D /* RoutePlanerOverviewViewController.swift in Sources */,
				1B829B481E1EB4B60023D656 /* Constants.swift in Sources */,
				1B8223201E4249020033C76D /* MyTravelChooseTrainRideTableViewCell.swift in Sources */,
				1B8223171E42438A0033C76D /* MyTravelNoMessagesTableViewCell.swift in Sources */,
				1B8223151E4240A90033C76D /* StatusListTableViewCell.swift in Sources */,
				1B82232F1E425E2C0033C76D /* AddFavoriteViewController.swift in Sources */,
				1B8223281E42546F0033C76D /* RoutePlanerAlternativeTableViewCell.swift in Sources */,
			);
			runOnlyForDeploymentPostprocessing = 0;
		};
/* End PBXSourcesBuildPhase section */

/* Begin PBXVariantGroup section */
		3F078D511E07056400FDE0C9 /* Main.storyboard */ = {
			isa = PBXVariantGroup;
			children = (
				3F078D521E07056400FDE0C9 /* Base */,
			);
			name = Main.storyboard;
			sourceTree = "<group>";
		};
		3F078D561E07056400FDE0C9 /* LaunchScreen.storyboard */ = {
			isa = PBXVariantGroup;
			children = (
				3F078D571E07056400FDE0C9 /* Base */,
			);
			name = LaunchScreen.storyboard;
			sourceTree = "<group>";
		};
/* End PBXVariantGroup section */

/* Begin XCBuildConfiguration section */
		3F078D5A1E07056400FDE0C9 /* Debug */ = {
			isa = XCBuildConfiguration;
			buildSettings = {
				ALWAYS_SEARCH_USER_PATHS = NO;
				CLANG_ANALYZER_NONNULL = YES;
				CLANG_CXX_LANGUAGE_STANDARD = "gnu++0x";
				CLANG_CXX_LIBRARY = "libc++";
				CLANG_ENABLE_MODULES = YES;
				CLANG_ENABLE_OBJC_ARC = YES;
				CLANG_WARN_BOOL_CONVERSION = YES;
				CLANG_WARN_CONSTANT_CONVERSION = YES;
				CLANG_WARN_DIRECT_OBJC_ISA_USAGE = YES_ERROR;
				CLANG_WARN_DOCUMENTATION_COMMENTS = YES;
				CLANG_WARN_EMPTY_BODY = YES;
				CLANG_WARN_ENUM_CONVERSION = YES;
				CLANG_WARN_INFINITE_RECURSION = YES;
				CLANG_WARN_INT_CONVERSION = YES;
				CLANG_WARN_OBJC_ROOT_CLASS = YES_ERROR;
				CLANG_WARN_SUSPICIOUS_MOVES = YES;
				CLANG_WARN_UNREACHABLE_CODE = YES;
				CLANG_WARN__DUPLICATE_METHOD_MATCH = YES;
				"CODE_SIGN_IDENTITY[sdk=iphoneos*]" = "iPhone Developer";
				COPY_PHASE_STRIP = NO;
				DEBUG_INFORMATION_FORMAT = dwarf;
				ENABLE_STRICT_OBJC_MSGSEND = YES;
				ENABLE_TESTABILITY = YES;
				GCC_C_LANGUAGE_STANDARD = gnu99;
				GCC_DYNAMIC_NO_PIC = NO;
				GCC_NO_COMMON_BLOCKS = YES;
				GCC_OPTIMIZATION_LEVEL = 0;
				GCC_PREPROCESSOR_DEFINITIONS = (
					"DEBUG=1",
					"$(inherited)",
				);
				GCC_WARN_64_TO_32_BIT_CONVERSION = YES;
				GCC_WARN_ABOUT_RETURN_TYPE = YES_ERROR;
				GCC_WARN_UNDECLARED_SELECTOR = YES;
				GCC_WARN_UNINITIALIZED_AUTOS = YES_AGGRESSIVE;
				GCC_WARN_UNUSED_FUNCTION = YES;
				GCC_WARN_UNUSED_VARIABLE = YES;
				IPHONEOS_DEPLOYMENT_TARGET = 10.1;
				MTL_ENABLE_DEBUG_INFO = YES;
				ONLY_ACTIVE_ARCH = YES;
				SDKROOT = iphoneos;
				SWIFT_ACTIVE_COMPILATION_CONDITIONS = DEBUG;
				SWIFT_OPTIMIZATION_LEVEL = "-Onone";
				TARGETED_DEVICE_FAMILY = "1,2";
			};
			name = Debug;
		};
		3F078D5B1E07056400FDE0C9 /* Release */ = {
			isa = XCBuildConfiguration;
			buildSettings = {
				ALWAYS_SEARCH_USER_PATHS = NO;
				CLANG_ANALYZER_NONNULL = YES;
				CLANG_CXX_LANGUAGE_STANDARD = "gnu++0x";
				CLANG_CXX_LIBRARY = "libc++";
				CLANG_ENABLE_MODULES = YES;
				CLANG_ENABLE_OBJC_ARC = YES;
				CLANG_WARN_BOOL_CONVERSION = YES;
				CLANG_WARN_CONSTANT_CONVERSION = YES;
				CLANG_WARN_DIRECT_OBJC_ISA_USAGE = YES_ERROR;
				CLANG_WARN_DOCUMENTATION_COMMENTS = YES;
				CLANG_WARN_EMPTY_BODY = YES;
				CLANG_WARN_ENUM_CONVERSION = YES;
				CLANG_WARN_INFINITE_RECURSION = YES;
				CLANG_WARN_INT_CONVERSION = YES;
				CLANG_WARN_OBJC_ROOT_CLASS = YES_ERROR;
				CLANG_WARN_SUSPICIOUS_MOVES = YES;
				CLANG_WARN_UNREACHABLE_CODE = YES;
				CLANG_WARN__DUPLICATE_METHOD_MATCH = YES;
				"CODE_SIGN_IDENTITY[sdk=iphoneos*]" = "iPhone Developer";
				COPY_PHASE_STRIP = NO;
				DEBUG_INFORMATION_FORMAT = "dwarf-with-dsym";
				ENABLE_NS_ASSERTIONS = NO;
				ENABLE_STRICT_OBJC_MSGSEND = YES;
				GCC_C_LANGUAGE_STANDARD = gnu99;
				GCC_NO_COMMON_BLOCKS = YES;
				GCC_WARN_64_TO_32_BIT_CONVERSION = YES;
				GCC_WARN_ABOUT_RETURN_TYPE = YES_ERROR;
				GCC_WARN_UNDECLARED_SELECTOR = YES;
				GCC_WARN_UNINITIALIZED_AUTOS = YES_AGGRESSIVE;
				GCC_WARN_UNUSED_FUNCTION = YES;
				GCC_WARN_UNUSED_VARIABLE = YES;
				IPHONEOS_DEPLOYMENT_TARGET = 10.1;
				MTL_ENABLE_DEBUG_INFO = NO;
				SDKROOT = iphoneos;
				SWIFT_OPTIMIZATION_LEVEL = "-Owholemodule";
				TARGETED_DEVICE_FAMILY = "1,2";
				VALIDATE_PRODUCT = YES;
			};
			name = Release;
		};
		3F078D5D1E07056400FDE0C9 /* Debug */ = {
			isa = XCBuildConfiguration;
			baseConfigurationReference = 7B3B4C4C273B0C63AC03EC8A /* Pods-DB Travel Assistance.debug.xcconfig */;
			buildSettings = {
				ASSETCATALOG_COMPILER_APPICON_NAME = AppIcon;
				DEVELOPMENT_TEAM = 3994Y2UB76;
				INFOPLIST_FILE = "DB Travel Assistance/Info.plist";
				LD_RUNPATH_SEARCH_PATHS = "$(inherited) @executable_path/Frameworks";
				PRODUCT_BUNDLE_IDENTIFIER = "com.mkayswork.DB-Travel-Assistance";
				PRODUCT_NAME = "$(TARGET_NAME)";
				SWIFT_VERSION = 3.0;
			};
			name = Debug;
		};
		3F078D5E1E07056400FDE0C9 /* Release */ = {
			isa = XCBuildConfiguration;
			baseConfigurationReference = 55E257108DCBFAC46E8E0D03 /* Pods-DB Travel Assistance.release.xcconfig */;
			buildSettings = {
				ASSETCATALOG_COMPILER_APPICON_NAME = AppIcon;
				DEVELOPMENT_TEAM = 3994Y2UB76;
				INFOPLIST_FILE = "DB Travel Assistance/Info.plist";
				LD_RUNPATH_SEARCH_PATHS = "$(inherited) @executable_path/Frameworks";
				PRODUCT_BUNDLE_IDENTIFIER = "com.mkayswork.DB-Travel-Assistance";
				PRODUCT_NAME = "$(TARGET_NAME)";
				SWIFT_VERSION = 3.0;
			};
			name = Release;
		};
/* End XCBuildConfiguration section */

/* Begin XCConfigurationList section */
		3F078D451E07056400FDE0C9 /* Build configuration list for PBXProject "DB Travel Assistance" */ = {
			isa = XCConfigurationList;
			buildConfigurations = (
				3F078D5A1E07056400FDE0C9 /* Debug */,
				3F078D5B1E07056400FDE0C9 /* Release */,
			);
			defaultConfigurationIsVisible = 0;
			defaultConfigurationName = Release;
		};
		3F078D5C1E07056400FDE0C9 /* Build configuration list for PBXNativeTarget "DB Travel Assistance" */ = {
			isa = XCConfigurationList;
			buildConfigurations = (
				3F078D5D1E07056400FDE0C9 /* Debug */,
				3F078D5E1E07056400FDE0C9 /* Release */,
			);
			defaultConfigurationIsVisible = 0;
			defaultConfigurationName = Release;
		};
/* End XCConfigurationList section */
	};
	rootObject = 3F078D421E07056400FDE0C9 /* Project object */;
}
